
Microsoft Visual Studio Solution File, Format Version 11.00
# Visual Studio 2010
Project("{FAE04EC0-301F-11D3-BF4B-00C04F79EFBC}") = "ERPService", "SourceCode\ERPService\ERPService.csproj", "{73E02FA6-6AE1-43A4-8B17-43B9E990BB2D}"
	ProjectSection(ProjectDependencies) = postProject
		{16997B1F-E7EE-4F5E-9BA1-DA90789FCC8E} = {16997B1F-E7EE-4F5E-9BA1-DA90789FCC8E}
		{ED82EF23-1AF9-4165-B94C-34C2445B978E} = {ED82EF23-1AF9-4165-B94C-34C2445B978E}
	EndProjectSection
EndProject
Project("{FAE04EC0-301F-11D3-BF4B-00C04F79EFBC}") = "Common", "SourceCode\Common\Common.csproj", "{239E0C4F-EA66-4D6B-9154-7456A507F0A7}"
EndProject
Project("{FAE04EC0-301F-11D3-BF4B-00C04F79EFBC}") = "ERPBL", "SourceCode\ERPBL\ERPBL.csproj", "{16997B1F-E7EE-4F5E-9BA1-DA90789FCC8E}"
	ProjectSection(ProjectDependencies) = postProject
		{2606D71D-133C-4943-9480-E31F18C23A0C} = {2606D71D-133C-4943-9480-E31F18C23A0C}
		{ED82EF23-1AF9-4165-B94C-34C2445B978E} = {ED82EF23-1AF9-4165-B94C-34C2445B978E}
		{239E0C4F-EA66-4D6B-9154-7456A507F0A7} = {239E0C4F-EA66-4D6B-9154-7456A507F0A7}
	EndProjectSection
EndProject
Project("{FAE04EC0-301F-11D3-BF4B-00C04F79EFBC}") = "ERPDTO", "SourceCode\ERPDTO\ERPDTO.csproj", "{ED82EF23-1AF9-4165-B94C-34C2445B978E}"
EndProject
Project("{FAE04EC0-301F-11D3-BF4B-00C04F79EFBC}") = "ERPDAL", "SourceCode\ERPDAL\ERPDAL.csproj", "{2606D71D-133C-4943-9480-E31F18C23A0C}"
	ProjectSection(ProjectDependencies) = postProject
		{ED82EF23-1AF9-4165-B94C-34C2445B978E} = {ED82EF23-1AF9-4165-B94C-34C2445B978E}
		{239E0C4F-EA66-4D6B-9154-7456A507F0A7} = {239E0C4F-EA66-4D6B-9154-7456A507F0A7}
	EndProjectSection
EndProject
Global
	GlobalSection(SolutionConfigurationPlatforms) = preSolution
		Debug|Any CPU = Debug|Any CPU
		Release|Any CPU = Release|Any CPU
	EndGlobalSection
	GlobalSection(ProjectConfigurationPlatforms) = postSolution
		{73E02FA6-6AE1-43A4-8B17-43B9E990BB2D}.Debug|Any CPU.ActiveCfg = Debug|Any CPU
		{73E02FA6-6AE1-43A4-8B17-43B9E990BB2D}.Debug|Any CPU.Build.0 = Debug|Any CPU
		{73E02FA6-6AE1-43A4-8B17-43B9E990BB2D}.Release|Any CPU.ActiveCfg = Release|Any CPU
		{73E02FA6-6AE1-43A4-8B17-43B9E990BB2D}.Release|Any CPU.Build.0 = Release|Any CPU
		{239E0C4F-EA66-4D6B-9154-7456A507F0A7}.Debug|Any CPU.ActiveCfg = Debug|Any CPU
		{239E0C4F-EA66-4D6B-9154-7456A507F0A7}.Debug|Any CPU.Build.0 = Debug|Any CPU
		{239E0C4F-EA66-4D6B-9154-7456A507F0A7}.Release|Any CPU.ActiveCfg = Release|Any CPU
		{239E0C4F-EA66-4D6B-9154-7456A507F0A7}.Release|Any CPU.Build.0 = Release|Any CPU
		{16997B1F-E7EE-4F5E-9BA1-DA90789FCC8E}.Debug|Any CPU.ActiveCfg = Debug|Any CPU
		{16997B1F-E7EE-4F5E-9BA1-DA90789FCC8E}.Debug|Any CPU.Build.0 = Debug|Any CPU
		{16997B1F-E7EE-4F5E-9BA1-DA90789FCC8E}.Release|Any CPU.ActiveCfg = Release|Any CPU
		{16997B1F-E7EE-4F5E-9BA1-DA90789FCC8E}.Release|Any CPU.Build.0 = Release|Any CPU
		{ED82EF23-1AF9-4165-B94C-34C2445B978E}.Debug|Any CPU.ActiveCfg = Debug|Any CPU
		{ED82EF23-1AF9-4165-B94C-34C2445B978E}.Debug|Any CPU.Build.0 = Debug|Any CPU
		{ED82EF23-1AF9-4165-B94C-34C2445B978E}.Release|Any CPU.ActiveCfg = Release|Any CPU
		{ED82EF23-1AF9-4165-B94C-34C2445B978E}.Release|Any CPU.Build.0 = Release|Any CPU
		{2606D71D-133C-4943-9480-E31F18C23A0C}.Debug|Any CPU.ActiveCfg = Debug|Any CPU
		{2606D71D-133C-4943-9480-E31F18C23A0C}.Debug|Any CPU.Build.0 = Debug|Any CPU
		{2606D71D-133C-4943-9480-E31F18C23A0C}.Release|Any CPU.ActiveCfg = Release|Any CPU
		{2606D71D-133C-4943-9480-E31F18C23A0C}.Release|Any CPU.Build.0 = Release|Any CPU
	EndGlobalSection
	GlobalSection(SolutionProperties) = preSolution
		HideSolutionNode = FALSE
	EndGlobalSection
EndGlobal
